{
  "name": "react-thunk-it",
  "version": "1.0.0",
  "lockfileVersion": 1,
  "requires": true,
  "dependencies": {
    "react-thunk": {
      "version": "1.0.0",
      "resolved": "https://registry.npmjs.org/react-thunk/-/react-thunk-1.0.0.tgz",
      "integrity": "sha1-eYE9R/MRR+ga7oQe1edqnj6ryLE="
    }
  }
}
